
Microsoft Visual Studio Solution File, Format Version 12.00
# Visual Studio 14
VisualStudioVersion = 14.0.25420.1
MinimumVisualStudioVersion = 10.0.40219.1
Project("{8BC9CEB8-8B4A-11D0-8D11-00A0C91BC942}") = "itomp_nlp", "itomp_nlp.vcxproj", "{FA960B13-5A2A-4B44-A18C-510B884497C0}"
EndProject
Project("{8BC9CEB8-8B4A-11D0-8D11-00A0C91BC942}") = "test_renderer", "test_renderer.vcxproj", "{8BD0E7C2-BE9D-4EF6-AA0D-8677B9AD427F}"
	ProjectSection(ProjectDependencies) = postProject
		{FA960B13-5A2A-4B44-A18C-510B884497C0} = {FA960B13-5A2A-4B44-A18C-510B884497C0}
	EndProjectSection
EndProject
Project("{8BC9CEB8-8B4A-11D0-8D11-00A0C91BC942}") = "datagen", "datagen.vcxproj", "{3054A489-CA8C-4B60-81AE-27405DCD94A4}"
	ProjectSection(ProjectDependencies) = postProject
		{FA960B13-5A2A-4B44-A18C-510B884497C0} = {FA960B13-5A2A-4B44-A18C-510B884497C0}
	EndProjectSection
EndProject
Global
	GlobalSection(SolutionConfigurationPlatforms) = preSolution
		Debug|x64 = Debug|x64
		Debug|x86 = Debug|x86
		Release|x64 = Release|x64
		Release|x86 = Release|x86
	EndGlobalSection
	GlobalSection(ProjectConfigurationPlatforms) = postSolution
		{FA960B13-5A2A-4B44-A18C-510B884497C0}.Debug|x64.ActiveCfg = Debug|x64
		{FA960B13-5A2A-4B44-A18C-510B884497C0}.Debug|x64.Build.0 = Debug|x64
		{FA960B13-5A2A-4B44-A18C-510B884497C0}.Debug|x86.ActiveCfg = Debug|Win32
		{FA960B13-5A2A-4B44-A18C-510B884497C0}.Debug|x86.Build.0 = Debug|Win32
		{FA960B13-5A2A-4B44-A18C-510B884497C0}.Release|x64.ActiveCfg = Release|x64
		{FA960B13-5A2A-4B44-A18C-510B884497C0}.Release|x64.Build.0 = Release|x64
		{FA960B13-5A2A-4B44-A18C-510B884497C0}.Release|x86.ActiveCfg = Release|Win32
		{FA960B13-5A2A-4B44-A18C-510B884497C0}.Release|x86.Build.0 = Release|Win32
		{8BD0E7C2-BE9D-4EF6-AA0D-8677B9AD427F}.Debug|x64.ActiveCfg = Debug|x64
		{8BD0E7C2-BE9D-4EF6-AA0D-8677B9AD427F}.Debug|x64.Build.0 = Debug|x64
		{8BD0E7C2-BE9D-4EF6-AA0D-8677B9AD427F}.Debug|x86.ActiveCfg = Debug|Win32
		{8BD0E7C2-BE9D-4EF6-AA0D-8677B9AD427F}.Debug|x86.Build.0 = Debug|Win32
		{8BD0E7C2-BE9D-4EF6-AA0D-8677B9AD427F}.Release|x64.ActiveCfg = Release|x64
		{8BD0E7C2-BE9D-4EF6-AA0D-8677B9AD427F}.Release|x64.Build.0 = Release|x64
		{8BD0E7C2-BE9D-4EF6-AA0D-8677B9AD427F}.Release|x86.ActiveCfg = Release|Win32
		{8BD0E7C2-BE9D-4EF6-AA0D-8677B9AD427F}.Release|x86.Build.0 = Release|Win32
		{3054A489-CA8C-4B60-81AE-27405DCD94A4}.Debug|x64.ActiveCfg = Debug|x64
		{3054A489-CA8C-4B60-81AE-27405DCD94A4}.Debug|x64.Build.0 = Debug|x64
		{3054A489-CA8C-4B60-81AE-27405DCD94A4}.Debug|x86.ActiveCfg = Debug|Win32
		{3054A489-CA8C-4B60-81AE-27405DCD94A4}.Debug|x86.Build.0 = Debug|Win32
		{3054A489-CA8C-4B60-81AE-27405DCD94A4}.Release|x64.ActiveCfg = Release|x64
		{3054A489-CA8C-4B60-81AE-27405DCD94A4}.Release|x64.Build.0 = Release|x64
		{3054A489-CA8C-4B60-81AE-27405DCD94A4}.Release|x86.ActiveCfg = Release|Win32
		{3054A489-CA8C-4B60-81AE-27405DCD94A4}.Release|x86.Build.0 = Release|Win32
	EndGlobalSection
	GlobalSection(SolutionProperties) = preSolution
		HideSolutionNode = FALSE
	EndGlobalSection
	GlobalSection(ExtensibilityGlobals) = postSolution
		Qt5Version = 5.7
	EndGlobalSection
EndGlobal
