<?xml version="1.0" encoding="utf-8"?>
<Project ToolsVersion="4.0" xmlns="http://schemas.microsoft.com/developer/msbuild/2003">
  <ItemGroup>
    <Filter Include="App">
      <UniqueIdentifier>{e7fca2d8-7586-4a70-9239-a1ab0a382a3d}</UniqueIdentifier>
    </Filter>
    <Filter Include="Shader">
      <UniqueIdentifier>{64e57dec-2db1-436b-a44b-7f645163e13f}</UniqueIdentifier>
    </Filter>
    <Filter Include="Renderer">
      <UniqueIdentifier>{a757fcc4-a606-4c26-bc1c-89058723e233}</UniqueIdentifier>
    </Filter>
    <Filter Include="Robot">
      <UniqueIdentifier>{eff7df43-3481-44d4-ab18-cb03ddc7b058}</UniqueIdentifier>
    </Filter>
    <Filter Include="Generated Files">
      <UniqueIdentifier>{24e39566-65d9-40cb-b75e-a64522c8e153}</UniqueIdentifier>
    </Filter>
    <Filter Include="LodePNG">
      <UniqueIdentifier>{4d08e432-aaaf-467b-bf5d-69cecc282692}</UniqueIdentifier>
    </Filter>
  </ItemGroup>
  <ItemGroup>
    <ClCompile Include="..\src\test\test_interface.cpp">
      <Filter>App</Filter>
    </ClCompile>
    <ClCompile Include="..\src\renderer\camera.cpp">
      <Filter>Renderer</Filter>
    </ClCompile>
    <ClCompile Include="..\src\renderer\renderer.cpp">
      <Filter>Renderer</Filter>
    </ClCompile>
    <ClCompile Include="..\src\renderer\renderer_object.cpp">
      <Filter>Renderer</Filter>
    </ClCompile>
    <ClCompile Include="..\src\renderer\renderer_interface.cpp">
      <Filter>Renderer</Filter>
    </ClCompile>
    <ClCompile Include="..\src\GeneratedFiles\moc_renderer.cpp">
      <Filter>Generated Files</Filter>
    </ClCompile>
    <ClCompile Include="..\src\GeneratedFiles\moc_renderer_interface.cpp">
      <Filter>Generated Files</Filter>
    </ClCompile>
    <ClCompile Include="..\src\renderer\raw_model.cpp">
      <Filter>Renderer</Filter>
    </ClCompile>
    <ClCompile Include="..\src\renderer\gl_base.cpp">
      <Filter>Renderer</Filter>
    </ClCompile>
    <ClCompile Include="..\src\renderer\shader_program.cpp">
      <Filter>Renderer</Filter>
    </ClCompile>
    <ClCompile Include="..\src\renderer\static_shader.cpp">
      <Filter>Renderer</Filter>
    </ClCompile>
    <ClCompile Include="..\src\renderer\loader.cpp">
      <Filter>Renderer</Filter>
    </ClCompile>
    <ClCompile Include="..\src\renderer\model_texture.cpp">
      <Filter>Renderer</Filter>
    </ClCompile>
    <ClCompile Include="..\src\renderer\textured_model.cpp">
      <Filter>Renderer</Filter>
    </ClCompile>
    <ClCompile Include="..\lib\lodepng.cpp">
      <Filter>LodePNG</Filter>
    </ClCompile>
  </ItemGroup>
  <ItemGroup>
    <ClInclude Include="..\include\renderer\camera.h">
      <Filter>Renderer</Filter>
    </ClInclude>
    <ClInclude Include="..\include\renderer\renderer.h">
      <Filter>Renderer</Filter>
    </ClInclude>
    <ClInclude Include="..\include\renderer\renderer_object.h">
      <Filter>Renderer</Filter>
    </ClInclude>
    <ClInclude Include="..\include\renderer\renderer_interface.h">
      <Filter>Renderer</Filter>
    </ClInclude>
    <ClInclude Include="..\include\renderer\raw_model.h">
      <Filter>Renderer</Filter>
    </ClInclude>
    <ClInclude Include="..\include\renderer\gl_base.h">
      <Filter>Renderer</Filter>
    </ClInclude>
    <ClInclude Include="..\include\renderer\shader_program.h">
      <Filter>Renderer</Filter>
    </ClInclude>
    <ClInclude Include="..\include\renderer\static_shader.h">
      <Filter>Renderer</Filter>
    </ClInclude>
    <ClInclude Include="..\include\renderer\loader.h">
      <Filter>Renderer</Filter>
    </ClInclude>
    <ClInclude Include="..\include\renderer\model_texture.h">
      <Filter>Renderer</Filter>
    </ClInclude>
    <ClInclude Include="..\include\renderer\textured_model.h">
      <Filter>Renderer</Filter>
    </ClInclude>
    <ClInclude Include="..\lib\lodepng.h">
      <Filter>LodePNG</Filter>
    </ClInclude>
  </ItemGroup>
  <ItemGroup>
    <None Include="..\shader\build_lists.frag">
      <Filter>Shader</Filter>
    </None>
    <None Include="..\shader\build_lists.vert">
      <Filter>Shader</Filter>
    </None>
    <None Include="..\shader\line.frag">
      <Filter>Shader</Filter>
    </None>
    <None Include="..\shader\line.vert">
      <Filter>Shader</Filter>
    </None>
    <None Include="..\shader\mesh.frag">
      <Filter>Shader</Filter>
    </None>
    <None Include="..\shader\mesh.vert">
      <Filter>Shader</Filter>
    </None>
    <None Include="..\shader\resolve_lists.frag">
      <Filter>Shader</Filter>
    </None>
    <None Include="..\shader\resolve_lists.vert">
      <Filter>Shader</Filter>
    </None>
    <None Include="..\shader\static.frag">
      <Filter>Shader</Filter>
    </None>
    <None Include="..\shader\static.vert">
      <Filter>Shader</Filter>
    </None>
  </ItemGroup>
</Project>